
Microsoft Visual Studio Solution File, Format Version 12.00
# Visual Studio Version 17
VisualStudioVersion = 17.5.33414.496
MinimumVisualStudioVersion = 10.0.40219.1
Project("{1D959F15-FBD9-4EB9-9D07-1394348E76EE}") = "FiveM-External", "FiveM-External\FiveM-External.vcxproj", "{D6066DB9-C54D-4823-887B-C09AC74DBEDD}"
EndProject
Global
	GlobalSection(SolutionConfigurationPlatforms) = preSolution
		Debug|x64 = Debug|x64
		Debug|x86 = Debug|x86
		Release|x64 = Release|x64
		Release|x86 = Release|x86
	EndGlobalSection
	GlobalSection(ProjectConfigurationPlatforms) = postSolution
		{D6066DB9-C54D-4823-887B-C09AC74DBEDD}.Debug|x64.ActiveCfg = Debug|x64
		{D6066DB9-C54D-4823-887B-C09AC74DBEDD}.Debug|x64.Build.0 = Debug|x64
		{D6066DB9-C54D-4823-887B-C09AC74DBEDD}.Debug|x86.ActiveCfg = Debug|Win32
		{D6066DB9-C54D-4823-887B-C09AC74DBEDD}.Debug|x86.Build.0 = Debug|Win32
		{D6066DB9-C54D-4823-887B-C09AC74DBEDD}.Release|x64.ActiveCfg = Release|x64
		{D6066DB9-C54D-4823-887B-C09AC74DBEDD}.Release|x64.Build.0 = Release|x64
		{D6066DB9-C54D-4823-887B-C09AC74DBEDD}.Release|x86.ActiveCfg = Release|Win32
		{D6066DB9-C54D-4823-887B-C09AC74DBEDD}.Release|x86.Build.0 = Release|Win32
	EndGlobalSection
	GlobalSection(SolutionProperties) = preSolution
		HideSolutionNode = FALSE
	EndGlobalSection
	GlobalSection(ExtensibilityGlobals) = postSolution
		SolutionGuid = {06174F6E-CCFC-4748-9397-7134135FB8F5}
	EndGlobalSection
EndGlobal
